
Microsoft Visual Studio Solution File, Format Version 12.00
# Visual Studio Version 17
VisualStudioVersion = 17.8.34525.116
MinimumVisualStudioVersion = 10.0.40219.1
Project("{FAE04EC0-301F-11D3-BF4B-00C04F79EFBC}") = "ProyectoWebAvanzada", "ProyectoWebAvanzada\ProyectoWebAvanzada.csproj", "{5F2B76E2-084F-4984-A901-239F7D2FEA09}"
EndProject
Global
	GlobalSection(SolutionConfigurationPlatforms) = preSolution
		Debug|Any CPU = Debug|Any CPU
		Release|Any CPU = Release|Any CPU
	EndGlobalSection
	GlobalSection(ProjectConfigurationPlatforms) = postSolution
		{5F2B76E2-084F-4984-A901-239F7D2FEA09}.Debug|Any CPU.ActiveCfg = Debug|Any CPU
		{5F2B76E2-084F-4984-A901-239F7D2FEA09}.Debug|Any CPU.Build.0 = Debug|Any CPU
		{5F2B76E2-084F-4984-A901-239F7D2FEA09}.Release|Any CPU.ActiveCfg = Release|Any CPU
		{5F2B76E2-084F-4984-A901-239F7D2FEA09}.Release|Any CPU.Build.0 = Release|Any CPU
	EndGlobalSection
	GlobalSection(SolutionProperties) = preSolution
		HideSolutionNode = FALSE
	EndGlobalSection
	GlobalSection(ExtensibilityGlobals) = postSolution
		SolutionGuid = {B2E04D2D-23B5-40B6-85C0-2773C1229B19}
	EndGlobalSection
EndGlobal
